
Microsoft Visual Studio Solution File, Format Version 12.00
# Visual Studio Version 17
VisualStudioVersion = 17.7.34031.279
MinimumVisualStudioVersion = 10.0.40219.1
Project("{FAE04EC0-301F-11D3-BF4B-00C04F79EFBC}") = "SeSa_Kirtasiye", "SeSa_Kirtasiye.csproj", "{BC4CD934-A88F-400F-9BFF-ED1A715CE37A}"
EndProject
Global
	GlobalSection(SolutionConfigurationPlatforms) = preSolution
		Debug|Any CPU = Debug|Any CPU
		Release|Any CPU = Release|Any CPU
	EndGlobalSection
	GlobalSection(ProjectConfigurationPlatforms) = postSolution
		{BC4CD934-A88F-400F-9BFF-ED1A715CE37A}.Debug|Any CPU.ActiveCfg = Debug|Any CPU
		{BC4CD934-A88F-400F-9BFF-ED1A715CE37A}.Debug|Any CPU.Build.0 = Debug|Any CPU
		{BC4CD934-A88F-400F-9BFF-ED1A715CE37A}.Release|Any CPU.ActiveCfg = Release|Any CPU
		{BC4CD934-A88F-400F-9BFF-ED1A715CE37A}.Release|Any CPU.Build.0 = Release|Any CPU
	EndGlobalSection
	GlobalSection(SolutionProperties) = preSolution
		HideSolutionNode = FALSE
	EndGlobalSection
	GlobalSection(ExtensibilityGlobals) = postSolution
		SolutionGuid = {00F987FE-F0BA-486C-94F9-CBECD6789754}
	EndGlobalSection
EndGlobal
